{
  "version": 4,
  "terraform_version": "1.2.6",
  "serial": 42,
  "lineage": "0caaa575-5347-3490-a51d-7b5463027249",
  "outputs": {
    "kubernetes_cluster_host": {
      "value": "35.242.141.3",
      "type": "string"
    },
    "kubernetes_cluster_name": {
      "value": "marton-k8s-gke",
      "type": "string"
    },
    "project_id": {
      "value": "sh-development",
      "type": "string"
    },
    "region": {
      "value": "europe-west2",
      "type": "string"
    }
  },
  "resources": [
    {
      "mode": "managed",
      "type": "google_compute_network",
      "name": "vpc",
      "provider": "provider[\"registry.terraform.io/hashicorp/google\"]",
      "instances": [
        {
          "schema_version": 0,
          "attributes": {
            "auto_create_subnetworks": false,
            "delete_default_routes_on_create": false,
            "description": "",
            "enable_ula_internal_ipv6": false,
            "gateway_ipv4": "",
            "id": "projects/sh-development/global/networks/marton-k8s-vpc",
            "internal_ipv6_range": "",
            "mtu": 0,
            "name": "marton-k8s-vpc",
            "project": "sh-development",
            "routing_mode": "REGIONAL",
            "self_link": "https://www.googleapis.com/compute/v1/projects/sh-development/global/networks/marton-k8s-vpc",
            "timeouts": null
          },
          "sensitive_attributes": [],
          "private": "eyJlMmJmYjczMC1lY2FhLTExZTYtOGY4OC0zNDM2M2JjN2M0YzAiOnsiY3JlYXRlIjoxMjAwMDAwMDAwMDAwLCJkZWxldGUiOjEyMDAwMDAwMDAwMDAsInVwZGF0ZSI6MTIwMDAwMDAwMDAwMH19"
        }
      ]
    },
    {
      "mode": "managed",
      "type": "google_compute_subnetwork",
      "name": "subnet",
      "provider": "provider[\"registry.terraform.io/hashicorp/google\"]",
      "instances": [
        {
          "schema_version": 0,
          "attributes": {
            "creation_timestamp": "2022-08-05T09:49:19.167-07:00",
            "description": "",
            "external_ipv6_prefix": "",
            "fingerprint": null,
            "gateway_address": "10.10.0.1",
            "id": "projects/sh-development/regions/europe-west2/subnetworks/marton-k8s-subnet",
            "ip_cidr_range": "10.10.0.0/24",
            "ipv6_access_type": "",
            "ipv6_cidr_range": "",
            "log_config": [],
            "name": "marton-k8s-subnet",
            "network": "https://www.googleapis.com/compute/v1/projects/sh-development/global/networks/marton-k8s-vpc",
            "private_ip_google_access": false,
            "private_ipv6_google_access": "DISABLE_GOOGLE_ACCESS",
            "project": "sh-development",
            "purpose": "PRIVATE",
            "region": "europe-west2",
            "role": "",
            "secondary_ip_range": [],
            "self_link": "https://www.googleapis.com/compute/v1/projects/sh-development/regions/europe-west2/subnetworks/marton-k8s-subnet",
            "stack_type": "IPV4_ONLY",
            "timeouts": null
          },
          "sensitive_attributes": [],
          "private": "eyJlMmJmYjczMC1lY2FhLTExZTYtOGY4OC0zNDM2M2JjN2M0YzAiOnsiY3JlYXRlIjoxMjAwMDAwMDAwMDAwLCJkZWxldGUiOjEyMDAwMDAwMDAwMDAsInVwZGF0ZSI6MTIwMDAwMDAwMDAwMH19",
          "dependencies": [
            "google_compute_network.vpc"
          ]
        }
      ]
    },
    {
      "mode": "managed",
      "type": "google_container_cluster",
      "name": "primary",
      "provider": "provider[\"registry.terraform.io/hashicorp/google\"]",
      "instances": [
        {
          "schema_version": 1,
          "attributes": {
            "addons_config": [
              {
                "cloudrun_config": [],
                "dns_cache_config": [],
                "gce_persistent_disk_csi_driver_config": [
                  {
                    "enabled": true
                  }
                ],
                "gcp_filestore_csi_driver_config": [],
                "horizontal_pod_autoscaling": [],
                "http_load_balancing": [],
                "network_policy_config": [
                  {
                    "disabled": true
                  }
                ]
              }
            ],
            "authenticator_groups_config": [],
            "binary_authorization": [
              {
                "enabled": false,
                "evaluation_mode": ""
              }
            ],
            "cluster_autoscaling": [
              {
                "auto_provisioning_defaults": [],
                "enabled": false,
                "resource_limits": []
              }
            ],
            "cluster_ipv4_cidr": "10.116.0.0/14",
            "confidential_nodes": [],
            "database_encryption": [
              {
                "key_name": "",
                "state": "DECRYPTED"
              }
            ],
            "datapath_provider": "",
            "default_max_pods_per_node": null,
            "default_snat_status": [
              {
                "disabled": false
              }
            ],
            "description": "",
            "dns_config": [],
            "enable_autopilot": false,
            "enable_binary_authorization": false,
            "enable_intranode_visibility": false,
            "enable_kubernetes_alpha": false,
            "enable_legacy_abac": false,
            "enable_shielded_nodes": true,
            "enable_tpu": false,
            "endpoint": "35.242.141.3",
            "id": "projects/sh-development/locations/europe-west2/clusters/marton-k8s-gke",
            "initial_node_count": 1,
            "ip_allocation_policy": [],
            "label_fingerprint": "a9dc16a7",
            "location": "europe-west2",
            "logging_config": [
              {
                "enable_components": [
                  "SYSTEM_COMPONENTS",
                  "WORKLOADS"
                ]
              }
            ],
            "logging_service": "logging.googleapis.com/kubernetes",
            "maintenance_policy": [],
            "master_auth": [
              {
                "client_certificate": "",
                "client_certificate_config": [
                  {
                    "issue_client_certificate": false
                  }
                ],
                "client_key": "",
                "cluster_ca_certificate": "LS0tLS1CRUdJTiBDRVJUSUZJQ0FURS0tLS0tCk1JSUVMRENDQXBTZ0F3SUJBZ0lRU2pieDRlSW56WWtiSUxIdUVEUFRpVEFOQmdrcWhraUc5dzBCQVFzRkFEQXYKTVMwd0t3WURWUVFERXlRNE5UQmpOamt5T0Mwek0yTTVMVFF3TURFdE9ERXpPUzFqT0Rrek9UTXdaR1JqTkRRdwpJQmNOTWpJd09EQTFNVFUwT1RReVdoZ1BNakExTWpBM01qZ3hOalE1TkRKYU1DOHhMVEFyQmdOVkJBTVRKRGcxCk1HTTJPVEk0TFRNell6a3ROREF3TVMwNE1UTTVMV000T1RNNU16QmtaR00wTkRDQ0FhSXdEUVlKS29aSWh2Y04KQVFFQkJRQURnZ0dQQURDQ0FZb0NnZ0dCQUlzcUtmYzZ6ZlF4YlhuUFJ0aDdHRUNwd2VPdXVwSS9XaTNROFNyaQpadXdyakRENzZ4dk16V3dINFlPM0UyY1huaU9Uc1R3cmVQZElvdXgzaUgvc1E0R0dDaElnZmFhNHlTSS9MVHEvCkpiUDRhclJ1a1dsRktTY29QUEJIaGJxVVFnZGpyMkpvSDVydEU1dk9NQSt5d2NaYjZRNVpQeUZnZ3RPMnZIRDQKcnM1aXpjZXZQb1pLNGN2ZXN3V213dG1VNHY5MnZqWHhYQmtodTZPMGl6d0hNN0tTOWVlWk14SnRHWWNrUDJMUQpLNUt2Zjg4UHFhNzQyc0ZtOWJUU0hhblBiTkMrbmJCdVo3Ykxpc3dVRmlxMmZLNGNnVWVQcjYrRzA5UEkyNE1XCkhIck1WQzlWenlKb2cybXR5a2JyMEt5YXdPbGVYbDloalBTYkRFWDVGRHcrZDNkNVRDOVJIYVRQMDhSSUsrNnYKRlE2NlErNDBpTHZSeUFTKzNKZ3c4TUNaZ0RJeURwYWtoM1RZTEJCVDNMS3lpSVJ4aW0xMVpGZTdZRmd0dnFrOApPL0ZOMTYzb0JVZ1BjN2ROQVVCdDJFU3kwU2pVazZrbG1ZR0J6MkQ3Yk5kUm9nUHFQbnlMMSttOGVPS3J1NGdsCm9YYlErZG1FL3pYQUFrM1pySUtvRjd5MVRRSURBUUFCbzBJd1FEQU9CZ05WSFE4QkFmOEVCQU1DQWdRd0R3WUQKVlIwVEFRSC9CQVV3QXdFQi96QWRCZ05WSFE0RUZnUVV1d0d5RmI1V2IwQXY1WHJla3hyQ1JMNWxnVzB3RFFZSgpLb1pJaHZjTkFRRUxCUUFEZ2dHQkFCZDFZTkVqQUZWb0U1VzBMQVVQUDBzU085QklrOGttZlBsOFphTDc1dEkvCkMwZ0lMWWZuSlJkRVZYMEtIRy9qeHZuMEp4NGJSdCtIVWNLcGtjdncxWlNjQW01Y2xSWUdvUUh2cG42ak8yMjcKY2QzQWhsU1VOaTJaVlMrZjc2ZUhncllDYXM5S2FEME5BUm55bTdwc09WSHpnUkxDak5DU3ROd2hVUnhMeGxjTApJYkNlSERmTDRpTVovR0h3K3J1NzdPdlRHaEpSSFVqQ0FBMnZNbm5hZHJxbHNhczBhdzU1d2QwN2xVeEZwVU5BCkVGcjRKN3NWU1VUeGU2aTl5Qmlaemo3NEVEVVNhOG5XS0RvdWtJYjFGRzN0TmpPamR1K1VIMlVSdlRlNmd3WUgKRkN5a0dBdm1hQU51SldxR2VlNFlJd1c3L2ptMVA1M0szbmlDcmxxWU9hMzVEZzRiOG0wWUI2TXBSQy9NcFpVSQplVEd4dnlqcEFIK3RUdHM0VU1VMWoyNkVxWkxrakN4R3dnZnBGRk1jYThFeGV1TGFBbW1QVDI1YXVuUDA2RzNaCmV3cFJHQ3hkU0hzblhHaHZZeG1RUmd6NC8zM0dwRGNMMDJvM0pvMUdEV0Rpcm44VEo3VWhxbnQzQlU3SWtQTXgKY2gyTEwrRGRQcUlnUE9QL01uS1p4UT09Ci0tLS0tRU5EIENFUlRJRklDQVRFLS0tLS0K"
              }
            ],
            "master_authorized_networks_config": [],
            "master_version": "1.22.10-gke.600",
            "min_master_version": null,
            "monitoring_config": [
              {
                "enable_components": [
                  "SYSTEM_COMPONENTS"
                ]
              }
            ],
            "monitoring_service": "monitoring.googleapis.com/kubernetes",
            "name": "marton-k8s-gke",
            "network": "projects/sh-development/global/networks/marton-k8s-vpc",
            "network_policy": [
              {
                "enabled": false,
                "provider": "PROVIDER_UNSPECIFIED"
              }
            ],
            "networking_mode": "ROUTES",
            "node_config": [
              {
                "boot_disk_kms_key": "",
                "disk_size_gb": 100,
                "disk_type": "pd-standard",
                "gcfs_config": [],
                "guest_accelerator": [],
                "gvnic": [],
                "image_type": "COS_CONTAINERD",
                "labels": {
                  "env": "marton-k8s"
                },
                "local_ssd_count": 0,
                "machine_type": "n1-standard-1",
                "metadata": {
                  "disable-legacy-endpoints": "true"
                },
                "min_cpu_platform": "",
                "node_group": "",
                "oauth_scopes": [
                  "https://www.googleapis.com/auth/logging.write",
                  "https://www.googleapis.com/auth/monitoring"
                ],
                "preemptible": false,
                "service_account": "default",
                "shielded_instance_config": [
                  {
                    "enable_integrity_monitoring": true,
                    "enable_secure_boot": false
                  }
                ],
                "spot": false,
                "tags": [
                  "gke-node",
                  "marton-k8s-gke"
                ],
                "taint": [],
                "workload_metadata_config": []
              }
            ],
            "node_locations": [
              "europe-west2-a",
              "europe-west2-b",
              "europe-west2-c"
            ],
            "node_pool": [
              {
                "autoscaling": [],
                "initial_node_count": 2,
                "instance_group_urls": [
                  "https://www.googleapis.com/compute/v1/projects/sh-development/zones/europe-west2-c/instanceGroupManagers/gke-marton-k8s-gke-marton-k8s-gke-nod-111ddc1b-grp",
                  "https://www.googleapis.com/compute/v1/projects/sh-development/zones/europe-west2-a/instanceGroupManagers/gke-marton-k8s-gke-marton-k8s-gke-nod-ec4b7485-grp",
                  "https://www.googleapis.com/compute/v1/projects/sh-development/zones/europe-west2-b/instanceGroupManagers/gke-marton-k8s-gke-marton-k8s-gke-nod-6b953574-grp"
                ],
                "managed_instance_group_urls": [
                  "https://www.googleapis.com/compute/v1/projects/sh-development/zones/europe-west2-c/instanceGroups/gke-marton-k8s-gke-marton-k8s-gke-nod-111ddc1b-grp",
                  "https://www.googleapis.com/compute/v1/projects/sh-development/zones/europe-west2-a/instanceGroups/gke-marton-k8s-gke-marton-k8s-gke-nod-ec4b7485-grp",
                  "https://www.googleapis.com/compute/v1/projects/sh-development/zones/europe-west2-b/instanceGroups/gke-marton-k8s-gke-marton-k8s-gke-nod-6b953574-grp"
                ],
                "management": [
                  {
                    "auto_repair": true,
                    "auto_upgrade": true
                  }
                ],
                "max_pods_per_node": 0,
                "name": "marton-k8s-gke-node-pool",
                "name_prefix": "",
                "node_config": [
                  {
                    "boot_disk_kms_key": "",
                    "disk_size_gb": 100,
                    "disk_type": "pd-standard",
                    "gcfs_config": [],
                    "guest_accelerator": [],
                    "gvnic": [],
                    "image_type": "COS_CONTAINERD",
                    "labels": {
                      "env": "marton-k8s"
                    },
                    "local_ssd_count": 0,
                    "machine_type": "n1-standard-1",
                    "metadata": {
                      "disable-legacy-endpoints": "true"
                    },
                    "min_cpu_platform": "",
                    "node_group": "",
                    "oauth_scopes": [
                      "https://www.googleapis.com/auth/logging.write",
                      "https://www.googleapis.com/auth/monitoring"
                    ],
                    "preemptible": false,
                    "service_account": "default",
                    "shielded_instance_config": [
                      {
                        "enable_integrity_monitoring": true,
                        "enable_secure_boot": false
                      }
                    ],
                    "spot": false,
                    "tags": [
                      "gke-node",
                      "marton-k8s-gke"
                    ],
                    "taint": [],
                    "workload_metadata_config": []
                  }
                ],
                "node_count": 2,
                "node_locations": [
                  "europe-west2-a",
                  "europe-west2-b",
                  "europe-west2-c"
                ],
                "upgrade_settings": [
                  {
                    "max_surge": 1,
                    "max_unavailable": 0
                  }
                ],
                "version": "1.22.10-gke.600"
              }
            ],
            "node_version": "1.22.10-gke.600",
            "notification_config": [
              {
                "pubsub": [
                  {
                    "enabled": false,
                    "topic": ""
                  }
                ]
              }
            ],
            "operation": null,
            "private_cluster_config": [],
            "private_ipv6_google_access": "",
            "project": "sh-development",
            "release_channel": [
              {
                "channel": "REGULAR"
              }
            ],
            "remove_default_node_pool": true,
            "resource_labels": {},
            "resource_usage_export_config": [],
            "self_link": "https://container.googleapis.com/v1/projects/sh-development/locations/europe-west2/clusters/marton-k8s-gke",
            "services_ipv4_cidr": "10.119.240.0/20",
            "subnetwork": "projects/sh-development/regions/europe-west2/subnetworks/marton-k8s-subnet",
            "timeouts": null,
            "tpu_ipv4_cidr_block": "",
            "vertical_pod_autoscaling": [],
            "workload_identity_config": []
          },
          "sensitive_attributes": [],
          "private": "eyJlMmJmYjczMC1lY2FhLTExZTYtOGY4OC0zNDM2M2JjN2M0YzAiOnsiY3JlYXRlIjoyNDAwMDAwMDAwMDAwLCJkZWxldGUiOjI0MDAwMDAwMDAwMDAsInJlYWQiOjI0MDAwMDAwMDAwMDAsInVwZGF0ZSI6MzYwMDAwMDAwMDAwMH0sInNjaGVtYV92ZXJzaW9uIjoiMSJ9",
          "dependencies": [
            "google_compute_network.vpc",
            "google_compute_subnetwork.subnet"
          ]
        }
      ]
    },
    {
      "mode": "managed",
      "type": "google_container_node_pool",
      "name": "primary_nodes",
      "provider": "provider[\"registry.terraform.io/hashicorp/google\"]",
      "instances": [
        {
          "schema_version": 1,
          "attributes": {
            "autoscaling": [],
            "cluster": "marton-k8s-gke",
            "id": "projects/sh-development/locations/europe-west2/clusters/marton-k8s-gke/nodePools/marton-k8s-gke-node-pool",
            "initial_node_count": 2,
            "instance_group_urls": [
              "https://www.googleapis.com/compute/v1/projects/sh-development/zones/europe-west2-c/instanceGroupManagers/gke-marton-k8s-gke-marton-k8s-gke-nod-111ddc1b-grp",
              "https://www.googleapis.com/compute/v1/projects/sh-development/zones/europe-west2-a/instanceGroupManagers/gke-marton-k8s-gke-marton-k8s-gke-nod-ec4b7485-grp",
              "https://www.googleapis.com/compute/v1/projects/sh-development/zones/europe-west2-b/instanceGroupManagers/gke-marton-k8s-gke-marton-k8s-gke-nod-6b953574-grp"
            ],
            "location": "europe-west2",
            "managed_instance_group_urls": [
              "https://www.googleapis.com/compute/v1/projects/sh-development/zones/europe-west2-c/instanceGroups/gke-marton-k8s-gke-marton-k8s-gke-nod-111ddc1b-grp",
              "https://www.googleapis.com/compute/v1/projects/sh-development/zones/europe-west2-a/instanceGroups/gke-marton-k8s-gke-marton-k8s-gke-nod-ec4b7485-grp",
              "https://www.googleapis.com/compute/v1/projects/sh-development/zones/europe-west2-b/instanceGroups/gke-marton-k8s-gke-marton-k8s-gke-nod-6b953574-grp"
            ],
            "management": [
              {
                "auto_repair": true,
                "auto_upgrade": true
              }
            ],
            "max_pods_per_node": null,
            "name": "marton-k8s-gke-node-pool",
            "name_prefix": "",
            "node_config": [
              {
                "boot_disk_kms_key": "",
                "disk_size_gb": 100,
                "disk_type": "pd-standard",
                "gcfs_config": [],
                "guest_accelerator": [],
                "gvnic": [],
                "image_type": "COS_CONTAINERD",
                "labels": {
                  "env": "marton-k8s"
                },
                "local_ssd_count": 0,
                "machine_type": "n1-standard-1",
                "metadata": {
                  "disable-legacy-endpoints": "true"
                },
                "min_cpu_platform": "",
                "node_group": "",
                "oauth_scopes": [
                  "https://www.googleapis.com/auth/logging.write",
                  "https://www.googleapis.com/auth/monitoring"
                ],
                "preemptible": false,
                "service_account": "default",
                "shielded_instance_config": [
                  {
                    "enable_integrity_monitoring": true,
                    "enable_secure_boot": false
                  }
                ],
                "spot": false,
                "tags": [
                  "gke-node",
                  "marton-k8s-gke"
                ],
                "taint": [],
                "workload_metadata_config": []
              }
            ],
            "node_count": 2,
            "node_locations": [
              "europe-west2-a",
              "europe-west2-b",
              "europe-west2-c"
            ],
            "operation": null,
            "project": "sh-development",
            "timeouts": null,
            "upgrade_settings": [
              {
                "max_surge": 1,
                "max_unavailable": 0
              }
            ],
            "version": "1.22.10-gke.600"
          },
          "sensitive_attributes": [],
          "private": "eyJlMmJmYjczMC1lY2FhLTExZTYtOGY4OC0zNDM2M2JjN2M0YzAiOnsiY3JlYXRlIjoxODAwMDAwMDAwMDAwLCJkZWxldGUiOjE4MDAwMDAwMDAwMDAsInVwZGF0ZSI6MTgwMDAwMDAwMDAwMH0sInNjaGVtYV92ZXJzaW9uIjoiMSJ9",
          "dependencies": [
            "google_compute_network.vpc",
            "google_compute_subnetwork.subnet",
            "google_container_cluster.primary"
          ]
        }
      ]
    }
  ]
}
